// !$*UTF8*$!
{
	archiveVersion = 1;
	classes = {
	};
	objectVersion = 46;
	objects = {

/* Begin PBXBuildFile section */
		0718C2271E2CE41F0004E16A /* arrayExtensions.swift in Sources */ = {isa = PBXBuildFile; fileRef = 0718C2261E2CE41F0004E16A /* arrayExtensions.swift */; };
		073728931E180D0D00FA7173 /* manipulation.swift in Sources */ = {isa = PBXBuildFile; fileRef = 073728921E180D0D00FA7173 /* manipulation.swift */; };
		073728991E18104700FA7173 /* enums.swift in Sources */ = {isa = PBXBuildFile; fileRef = 073728981E18104700FA7173 /* enums.swift */; };
		0777B3C01E16818400FCF451 /* protocolsTests.swift in Sources */ = {isa = PBXBuildFile; fileRef = 0777B3BF1E16818400FCF451 /* protocolsTests.swift */; };
		077D6B701E15FC1D00ECC4AC /* types.swift in Sources */ = {isa = PBXBuildFile; fileRef = 077D6B6F1E15FC1D00ECC4AC /* types.swift */; };
		077D6BA91E167EB600ECC4AC /* BoxerStandardLibrary.framework in Frameworks */ = {isa = PBXBuildFile; fileRef = B4B510911E14341C00FA512F /* BoxerStandardLibrary.framework */; };
		B4B510961E14341C00FA512F /* BoxerStandardLibrary.h in Headers */ = {isa = PBXBuildFile; fileRef = B4B510941E14341C00FA512F /* BoxerStandardLibrary.h */; settings = {ATTRIBUTES = (Public, ); }; };
		B4B5109D1E1436EF00FA512F /* protocols.swift in Sources */ = {isa = PBXBuildFile; fileRef = B4B5109C1E1436EF00FA512F /* protocols.swift */; };
/* End PBXBuildFile section */

/* Begin PBXContainerItemProxy section */
		077D6BAA1E167EB600ECC4AC /* PBXContainerItemProxy */ = {
			isa = PBXContainerItemProxy;
			containerPortal = B4B510881E14341C00FA512F /* Project object */;
			proxyType = 1;
			remoteGlobalIDString = B4B510901E14341C00FA512F;
			remoteInfo = BoxerStandardLibrary;
		};
/* End PBXContainerItemProxy section */

/* Begin PBXFileReference section */
		0718C2261E2CE41F0004E16A /* arrayExtensions.swift */ = {isa = PBXFileReference; fileEncoding = 4; lastKnownFileType = sourcecode.swift; path = arrayExtensions.swift; sourceTree = "<group>"; };
		073728921E180D0D00FA7173 /* manipulation.swift */ = {isa = PBXFileReference; fileEncoding = 4; lastKnownFileType = sourcecode.swift; path = manipulation.swift; sourceTree = "<group>"; };
		073728981E18104700FA7173 /* enums.swift */ = {isa = PBXFileReference; fileEncoding = 4; lastKnownFileType = sourcecode.swift; path = enums.swift; sourceTree = "<group>"; };
		0777B3BF1E16818400FCF451 /* protocolsTests.swift */ = {isa = PBXFileReference; fileEncoding = 4; lastKnownFileType = sourcecode.swift; path = protocolsTests.swift; sourceTree = "<group>"; };
		077D6B6F1E15FC1D00ECC4AC /* types.swift */ = {isa = PBXFileReference; fileEncoding = 4; lastKnownFileType = sourcecode.swift; path = types.swift; sourceTree = "<group>"; };
		077D6BA41E167EB600ECC4AC /* BoxerStandardLibraryTests.xctest */ = {isa = PBXFileReference; explicitFileType = wrapper.cfbundle; includeInIndex = 0; path = BoxerStandardLibraryTests.xctest; sourceTree = BUILT_PRODUCTS_DIR; };
		077D6BA81E167EB600ECC4AC /* Info.plist */ = {isa = PBXFileReference; lastKnownFileType = text.plist.xml; path = Info.plist; sourceTree = "<group>"; };
		B4B510911E14341C00FA512F /* BoxerStandardLibrary.framework */ = {isa = PBXFileReference; explicitFileType = wrapper.framework; includeInIndex = 0; path = BoxerStandardLibrary.framework; sourceTree = BUILT_PRODUCTS_DIR; };
		B4B510941E14341C00FA512F /* BoxerStandardLibrary.h */ = {isa = PBXFileReference; lastKnownFileType = sourcecode.c.h; path = BoxerStandardLibrary.h; sourceTree = "<group>"; };
		B4B510951E14341C00FA512F /* Info.plist */ = {isa = PBXFileReference; lastKnownFileType = text.plist.xml; path = Info.plist; sourceTree = "<group>"; };
		B4B5109C1E1436EF00FA512F /* protocols.swift */ = {isa = PBXFileReference; fileEncoding = 4; lastKnownFileType = sourcecode.swift; path = protocols.swift; sourceTree = "<group>"; };
/* End PBXFileReference section */

/* Begin PBXFrameworksBuildPhase section */
		077D6BA11E167EB600ECC4AC /* Frameworks */ = {
			isa = PBXFrameworksBuildPhase;
			buildActionMask = 2147483647;
			files = (
				077D6BA91E167EB600ECC4AC /* BoxerStandardLibrary.framework in Frameworks */,
			);
			runOnlyForDeploymentPostprocessing = 0;
		};
		B4B5108D1E14341C00FA512F /* Frameworks */ = {
			isa = PBXFrameworksBuildPhase;
			buildActionMask = 2147483647;
			files = (
			);
			runOnlyForDeploymentPostprocessing = 0;
		};
/* End PBXFrameworksBuildPhase section */

/* Begin PBXGroup section */
		077D6BA51E167EB600ECC4AC /* BoxerStandardLibraryTests */ = {
			isa = PBXGroup;
			children = (
				077D6BA81E167EB600ECC4AC /* Info.plist */,
				0777B3BF1E16818400FCF451 /* protocolsTests.swift */,
			);
			path = BoxerStandardLibraryTests;
			sourceTree = "<group>";
		};
		B4B510871E14341C00FA512F = {
			isa = PBXGroup;
			children = (
				B4B510931E14341C00FA512F /* BoxerStandardLibrary */,
				077D6BA51E167EB600ECC4AC /* BoxerStandardLibraryTests */,
				B4B510921E14341C00FA512F /* Products */,
			);
			sourceTree = "<group>";
		};
		B4B510921E14341C00FA512F /* Products */ = {
			isa = PBXGroup;
			children = (
				B4B510911E14341C00FA512F /* BoxerStandardLibrary.framework */,
				077D6BA41E167EB600ECC4AC /* BoxerStandardLibraryTests.xctest */,
			);
			name = Products;
			sourceTree = "<group>";
		};
		B4B510931E14341C00FA512F /* BoxerStandardLibrary */ = {
			isa = PBXGroup;
			children = (
				B4B510941E14341C00FA512F /* BoxerStandardLibrary.h */,
				B4B5109C1E1436EF00FA512F /* protocols.swift */,
				073728981E18104700FA7173 /* enums.swift */,
				077D6B6F1E15FC1D00ECC4AC /* types.swift */,
				073728921E180D0D00FA7173 /* manipulation.swift */,
				0718C2261E2CE41F0004E16A /* arrayExtensions.swift */,
				B4B510951E14341C00FA512F /* Info.plist */,
			);
			path = BoxerStandardLibrary;
			sourceTree = "<group>";
		};
/* End PBXGroup section */

/* Begin PBXHeadersBuildPhase section */
		B4B5108E1E14341C00FA512F /* Headers */ = {
			isa = PBXHeadersBuildPhase;
			buildActionMask = 2147483647;
			files = (
				B4B510961E14341C00FA512F /* BoxerStandardLibrary.h in Headers */,
			);
			runOnlyForDeploymentPostprocessing = 0;
		};
/* End PBXHeadersBuildPhase section */

/* Begin PBXNativeTarget section */
		077D6BA31E167EB600ECC4AC /* BoxerStandardLibraryTests */ = {
			isa = PBXNativeTarget;
			buildConfigurationList = 077D6BAC1E167EB600ECC4AC /* Build configuration list for PBXNativeTarget "BoxerStandardLibraryTests" */;
			buildPhases = (
				077D6BA01E167EB600ECC4AC /* Sources */,
				077D6BA11E167EB600ECC4AC /* Frameworks */,
				077D6BA21E167EB600ECC4AC /* Resources */,
			);
			buildRules = (
			);
			dependencies = (
				077D6BAB1E167EB600ECC4AC /* PBXTargetDependency */,
			);
			name = BoxerStandardLibraryTests;
			productName = BoxerStandardLibraryTests;
			productReference = 077D6BA41E167EB600ECC4AC /* BoxerStandardLibraryTests.xctest */;
			productType = "com.apple.product-type.bundle.unit-test";
		};
		B4B510901E14341C00FA512F /* BoxerStandardLibrary */ = {
			isa = PBXNativeTarget;
			buildConfigurationList = B4B510991E14341C00FA512F /* Build configuration list for PBXNativeTarget "BoxerStandardLibrary" */;
			buildPhases = (
				B4B5108C1E14341C00FA512F /* Sources */,
				B4B5108D1E14341C00FA512F /* Frameworks */,
				B4B5108E1E14341C00FA512F /* Headers */,
				B4B5108F1E14341C00FA512F /* Resources */,
			);
			buildRules = (
			);
			dependencies = (
			);
			name = BoxerStandardLibrary;
			productName = BoxerStandardLibrary;
			productReference = B4B510911E14341C00FA512F /* BoxerStandardLibrary.framework */;
			productType = "com.apple.product-type.framework";
		};
/* End PBXNativeTarget section */

/* Begin PBXProject section */
		B4B510881E14341C00FA512F /* Project object */ = {
			isa = PBXProject;
			attributes = {
				LastSwiftUpdateCheck = 0820;
				LastUpgradeCheck = 0820;
				ORGANIZATIONNAME = "Eric Boxer";
				TargetAttributes = {
					077D6BA31E167EB600ECC4AC = {
						CreatedOnToolsVersion = 8.2.1;
						DevelopmentTeam = UDW2GSRXJ2;
						LastSwiftMigration = 0820;
						ProvisioningStyle = Automatic;
					};
					B4B510901E14341C00FA512F = {
						CreatedOnToolsVersion = 8.1;
						LastSwiftMigration = 0810;
						ProvisioningStyle = Automatic;
					};
				};
			};
			buildConfigurationList = B4B5108B1E14341C00FA512F /* Build configuration list for PBXProject "BoxerStandardLibrary" */;
			compatibilityVersion = "Xcode 3.2";
			developmentRegion = English;
			hasScannedForEncodings = 0;
			knownRegions = (
				en,
			);
			mainGroup = B4B510871E14341C00FA512F;
			productRefGroup = B4B510921E14341C00FA512F /* Products */;
			projectDirPath = "";
			projectRoot = "";
			targets = (
				B4B510901E14341C00FA512F /* BoxerStandardLibrary */,
				077D6BA31E167EB600ECC4AC /* BoxerStandardLibraryTests */,
			);
		};
/* End PBXProject section */

/* Begin PBXResourcesBuildPhase section */
		077D6BA21E167EB600ECC4AC /* Resources */ = {
			isa = PBXResourcesBuildPhase;
			buildActionMask = 2147483647;
			files = (
			);
			runOnlyForDeploymentPostprocessing = 0;
		};
		B4B5108F1E14341C00FA512F /* Resources */ = {
			isa = PBXResourcesBuildPhase;
			buildActionMask = 2147483647;
			files = (
			);
			runOnlyForDeploymentPostprocessing = 0;
		};
/* End PBXResourcesBuildPhase section */

/* Begin PBXSourcesBuildPhase section */
		077D6BA01E167EB600ECC4AC /* Sources */ = {
			isa = PBXSourcesBuildPhase;
			buildActionMask = 2147483647;
			files = (
				0777B3C01E16818400FCF451 /* protocolsTests.swift in Sources */,
			);
			runOnlyForDeploymentPostprocessing = 0;
		};
		B4B5108C1E14341C00FA512F /* Sources */ = {
			isa = PBXSourcesBuildPhase;
			buildActionMask = 2147483647;
			files = (
				B4B5109D1E1436EF00FA512F /* protocols.swift in Sources */,
				077D6B701E15FC1D00ECC4AC /* types.swift in Sources */,
				073728991E18104700FA7173 /* enums.swift in Sources */,
				073728931E180D0D00FA7173 /* manipulation.swift in Sources */,
				0718C2271E2CE41F0004E16A /* arrayExtensions.swift in Sources */,
			);
			runOnlyForDeploymentPostprocessing = 0;
		};
/* End PBXSourcesBuildPhase section */

/* Begin PBXTargetDependency section */
		077D6BAB1E167EB600ECC4AC /* PBXTargetDependency */ = {
			isa = PBXTargetDependency;
			target = B4B510901E14341C00FA512F /* BoxerStandardLibrary */;
			targetProxy = 077D6BAA1E167EB600ECC4AC /* PBXContainerItemProxy */;
		};
/* End PBXTargetDependency section */

/* Begin XCBuildConfiguration section */
		077D6BAD1E167EB600ECC4AC /* Debug */ = {
			isa = XCBuildConfiguration;
			buildSettings = {
				CLANG_ENABLE_MODULES = YES;
				COMBINE_HIDPI_IMAGES = YES;
				DEVELOPMENT_TEAM = UDW2GSRXJ2;
				INFOPLIST_FILE = BoxerStandardLibraryTests/Info.plist;
				LD_RUNPATH_SEARCH_PATHS = "$(inherited) @executable_path/../Frameworks @loader_path/../Frameworks";
				MACOSX_DEPLOYMENT_TARGET = 10.12;
				PRODUCT_BUNDLE_IDENTIFIER = com.ericboxer.BoxerStandardLibraryTests;
				PRODUCT_NAME = "$(TARGET_NAME)";
				SWIFT_OPTIMIZATION_LEVEL = "-Onone";
				SWIFT_VERSION = 3.0;
			};
			name = Debug;
		};
		077D6BAE1E167EB600ECC4AC /* Release */ = {
			isa = XCBuildConfiguration;
			buildSettings = {
				CLANG_ENABLE_MODULES = YES;
				COMBINE_HIDPI_IMAGES = YES;
				DEVELOPMENT_TEAM = UDW2GSRXJ2;
				INFOPLIST_FILE = BoxerStandardLibraryTests/Info.plist;
				LD_RUNPATH_SEARCH_PATHS = "$(inherited) @executable_path/../Frameworks @loader_path/../Frameworks";
				MACOSX_DEPLOYMENT_TARGET = 10.12;
				PRODUCT_BUNDLE_IDENTIFIER = com.ericboxer.BoxerStandardLibraryTests;
				PRODUCT_NAME = "$(TARGET_NAME)";
				SWIFT_VERSION = 3.0;
			};
			name = Release;
		};
		B4B510971E14341C00FA512F /* Debug */ = {
			isa = XCBuildConfiguration;
			buildSettings = {
				ALWAYS_SEARCH_USER_PATHS = NO;
				CLANG_ANALYZER_NONNULL = YES;
				CLANG_CXX_LANGUAGE_STANDARD = "gnu++0x";
				CLANG_CXX_LIBRARY = "libc++";
				CLANG_ENABLE_MODULES = YES;
				CLANG_ENABLE_OBJC_ARC = YES;
				CLANG_WARN_BOOL_CONVERSION = YES;
				CLANG_WARN_CONSTANT_CONVERSION = YES;
				CLANG_WARN_DIRECT_OBJC_ISA_USAGE = YES_ERROR;
				CLANG_WARN_DOCUMENTATION_COMMENTS = YES;
				CLANG_WARN_EMPTY_BODY = YES;
				CLANG_WARN_ENUM_CONVERSION = YES;
				CLANG_WARN_INFINITE_RECURSION = YES;
				CLANG_WARN_INT_CONVERSION = YES;
				CLANG_WARN_OBJC_ROOT_CLASS = YES_ERROR;
				CLANG_WARN_SUSPICIOUS_MOVE = YES;
				CLANG_WARN_SUSPICIOUS_MOVES = YES;
				CLANG_WARN_UNREACHABLE_CODE = YES;
				CLANG_WARN__DUPLICATE_METHOD_MATCH = YES;
				CODE_SIGN_IDENTITY = "-";
				COPY_PHASE_STRIP = NO;
				CURRENT_PROJECT_VERSION = 1;
				DEBUG_INFORMATION_FORMAT = dwarf;
				ENABLE_STRICT_OBJC_MSGSEND = YES;
				ENABLE_TESTABILITY = YES;
				GCC_C_LANGUAGE_STANDARD = gnu99;
				GCC_DYNAMIC_NO_PIC = NO;
				GCC_NO_COMMON_BLOCKS = YES;
				GCC_OPTIMIZATION_LEVEL = 0;
				GCC_PREPROCESSOR_DEFINITIONS = (
					"DEBUG=1",
					"$(inherited)",
				);
				GCC_WARN_64_TO_32_BIT_CONVERSION = YES;
				GCC_WARN_ABOUT_RETURN_TYPE = YES_ERROR;
				GCC_WARN_UNDECLARED_SELECTOR = YES;
				GCC_WARN_UNINITIALIZED_AUTOS = YES_AGGRESSIVE;
				GCC_WARN_UNUSED_FUNCTION = YES;
				GCC_WARN_UNUSED_VARIABLE = YES;
				MACOSX_DEPLOYMENT_TARGET = 10.10;
				MTL_ENABLE_DEBUG_INFO = YES;
				ONLY_ACTIVE_ARCH = YES;
				SDKROOT = macosx;
				SWIFT_ACTIVE_COMPILATION_CONDITIONS = DEBUG;
				SWIFT_OPTIMIZATION_LEVEL = "-Onone";
				VERSIONING_SYSTEM = "apple-generic";
				VERSION_INFO_PREFIX = "";
			};
			name = Debug;
		};
		B4B510981E14341C00FA512F /* Release */ = {
			isa = XCBuildConfiguration;
			buildSettings = {
				ALWAYS_SEARCH_USER_PATHS = NO;
				CLANG_ANALYZER_NONNULL = YES;
				CLANG_CXX_LANGUAGE_STANDARD = "gnu++0x";
				CLANG_CXX_LIBRARY = "libc++";
				CLANG_ENABLE_MODULES = YES;
				CLANG_ENABLE_OBJC_ARC = YES;
				CLANG_WARN_BOOL_CONVERSION = YES;
				CLANG_WARN_CONSTANT_CONVERSION = YES;
				CLANG_WARN_DIRECT_OBJC_ISA_USAGE = YES_ERROR;
				CLANG_WARN_DOCUMENTATION_COMMENTS = YES;
				CLANG_WARN_EMPTY_BODY = YES;
				CLANG_WARN_ENUM_CONVERSION = YES;
				CLANG_WARN_INFINITE_RECURSION = YES;
				CLANG_WARN_INT_CONVERSION = YES;
				CLANG_WARN_OBJC_ROOT_CLASS = YES_ERROR;
				CLANG_WARN_SUSPICIOUS_MOVE = YES;
				CLANG_WARN_SUSPICIOUS_MOVES = YES;
				CLANG_WARN_UNREACHABLE_CODE = YES;
				CLANG_WARN__DUPLICATE_METHOD_MATCH = YES;
				CODE_SIGN_IDENTITY = "-";
				COPY_PHASE_STRIP = NO;
				CURRENT_PROJECT_VERSION = 1;
				DEBUG_INFORMATION_FORMAT = "dwarf-with-dsym";
				ENABLE_NS_ASSERTIONS = NO;
				ENABLE_STRICT_OBJC_MSGSEND = YES;
				GCC_C_LANGUAGE_STANDARD = gnu99;
				GCC_NO_COMMON_BLOCKS = YES;
				GCC_WARN_64_TO_32_BIT_CONVERSION = YES;
				GCC_WARN_ABOUT_RETURN_TYPE = YES_ERROR;
				GCC_WARN_UNDECLARED_SELECTOR = YES;
				GCC_WARN_UNINITIALIZED_AUTOS = YES_AGGRESSIVE;
				GCC_WARN_UNUSED_FUNCTION = YES;
				GCC_WARN_UNUSED_VARIABLE = YES;
				MACOSX_DEPLOYMENT_TARGET = 10.10;
				MTL_ENABLE_DEBUG_INFO = NO;
				SDKROOT = macosx;
				SWIFT_OPTIMIZATION_LEVEL = "-Owholemodule";
				VERSIONING_SYSTEM = "apple-generic";
				VERSION_INFO_PREFIX = "";
			};
			name = Release;
		};
		B4B5109A1E14341C00FA512F /* Debug */ = {
			isa = XCBuildConfiguration;
			buildSettings = {
				APPLICATION_EXTENSION_API_ONLY = YES;
				CLANG_ENABLE_MODULES = YES;
				CODE_SIGN_IDENTITY = "";
				COMBINE_HIDPI_IMAGES = YES;
				DEFINES_MODULE = YES;
				DYLIB_COMPATIBILITY_VERSION = 1;
				DYLIB_CURRENT_VERSION = 1;
				DYLIB_INSTALL_NAME_BASE = "@rpath";
				FRAMEWORK_VERSION = A;
				INFOPLIST_FILE = BoxerStandardLibrary/Info.plist;
				INSTALL_PATH = "$(LOCAL_LIBRARY_DIR)/Frameworks";
				LD_RUNPATH_SEARCH_PATHS = "$(inherited) @executable_path/../Frameworks @loader_path/Frameworks";
				PRODUCT_BUNDLE_IDENTIFIER = com.ericboxer.BoxerStandardLibrary;
				PRODUCT_NAME = "$(TARGET_NAME)";
				SKIP_INSTALL = YES;
				SWIFT_OPTIMIZATION_LEVEL = "-Onone";
				SWIFT_VERSION = 3.0;
			};
			name = Debug;
		};
		B4B5109B1E14341C00FA512F /* Release */ = {
			isa = XCBuildConfiguration;
			buildSettings = {
				APPLICATION_EXTENSION_API_ONLY = YES;
				CLANG_ENABLE_MODULES = YES;
				CODE_SIGN_IDENTITY = "";
				COMBINE_HIDPI_IMAGES = YES;
				DEFINES_MODULE = YES;
				DYLIB_COMPATIBILITY_VERSION = 1;
				DYLIB_CURRENT_VERSION = 1;
				DYLIB_INSTALL_NAME_BASE = "@rpath";
				FRAMEWORK_VERSION = A;
				INFOPLIST_FILE = BoxerStandardLibrary/Info.plist;
				INSTALL_PATH = "$(LOCAL_LIBRARY_DIR)/Frameworks";
				LD_RUNPATH_SEARCH_PATHS = "$(inherited) @executable_path/../Frameworks @loader_path/Frameworks";
				PRODUCT_BUNDLE_IDENTIFIER = com.ericboxer.BoxerStandardLibrary;
				PRODUCT_NAME = "$(TARGET_NAME)";
				SKIP_INSTALL = YES;
				SWIFT_VERSION = 3.0;
			};
			name = Release;
		};
/* End XCBuildConfiguration section */

/* Begin XCConfigurationList section */
		077D6BAC1E167EB600ECC4AC /* Build configuration list for PBXNativeTarget "BoxerStandardLibraryTests" */ = {
			isa = XCConfigurationList;
			buildConfigurations = (
				077D6BAD1E167EB600ECC4AC /* Debug */,
				077D6BAE1E167EB600ECC4AC /* Release */,
			);
			defaultConfigurationIsVisible = 0;
			defaultConfigurationName = Release;
		};
		B4B5108B1E14341C00FA512F /* Build configuration list for PBXProject "BoxerStandardLibrary" */ = {
			isa = XCConfigurationList;
			buildConfigurations = (
				B4B510971E14341C00FA512F /* Debug */,
				B4B510981E14341C00FA512F /* Release */,
			);
			defaultConfigurationIsVisible = 0;
			defaultConfigurationName = Release;
		};
		B4B510991E14341C00FA512F /* Build configuration list for PBXNativeTarget "BoxerStandardLibrary" */ = {
			isa = XCConfigurationList;
			buildConfigurations = (
				B4B5109A1E14341C00FA512F /* Debug */,
				B4B5109B1E14341C00FA512F /* Release */,
			);
			defaultConfigurationIsVisible = 0;
			defaultConfigurationName = Release;
		};
/* End XCConfigurationList section */
	};
	rootObject = B4B510881E14341C00FA512F /* Project object */;
}
